// !$*UTF8*$!
{
	archiveVersion = 1;
	classes = {
	};
	objectVersion = 56;
	objects = {

/* Begin PBXBuildFile section */
		08B5909C2BA098CD001785D9 /* PaginationScrollApp.swift in Sources */ = {isa = PBXBuildFile; fileRef = 08B5909B2BA098CD001785D9 /* PaginationScrollApp.swift */; };
		08B5909E2BA098CD001785D9 /* ContentView.swift in Sources */ = {isa = PBXBuildFile; fileRef = 08B5909D2BA098CD001785D9 /* ContentView.swift */; };
		08B590A02BA098CE001785D9 /* Assets.xcassets in Resources */ = {isa = PBXBuildFile; fileRef = 08B5909F2BA098CE001785D9 /* Assets.xcassets */; };
		08B590A32BA098CE001785D9 /* Preview Assets.xcassets in Resources */ = {isa = PBXBuildFile; fileRef = 08B590A22BA098CE001785D9 /* Preview Assets.xcassets */; };
		08B590AD2BA098CE001785D9 /* PaginationScrollTests.swift in Sources */ = {isa = PBXBuildFile; fileRef = 08B590AC2BA098CE001785D9 /* PaginationScrollTests.swift */; };
		08B590B72BA098CE001785D9 /* PaginationScrollUITests.swift in Sources */ = {isa = PBXBuildFile; fileRef = 08B590B62BA098CE001785D9 /* PaginationScrollUITests.swift */; };
		08B590B92BA098CE001785D9 /* PaginationScrollUITestsLaunchTests.swift in Sources */ = {isa = PBXBuildFile; fileRef = 08B590B82BA098CE001785D9 /* PaginationScrollUITestsLaunchTests.swift */; };
/* End PBXBuildFile section */

/* Begin PBXContainerItemProxy section */
		08B590A92BA098CE001785D9 /* PBXContainerItemProxy */ = {
			isa = PBXContainerItemProxy;
			containerPortal = 08B590902BA098CD001785D9 /* Project object */;
			proxyType = 1;
			remoteGlobalIDString = 08B590972BA098CD001785D9;
			remoteInfo = PaginationScroll;
		};
		08B590B32BA098CE001785D9 /* PBXContainerItemProxy */ = {
			isa = PBXContainerItemProxy;
			containerPortal = 08B590902BA098CD001785D9 /* Project object */;
			proxyType = 1;
			remoteGlobalIDString = 08B590972BA098CD001785D9;
			remoteInfo = PaginationScroll;
		};
/* End PBXContainerItemProxy section */

/* Begin PBXFileReference section */
		08B590982BA098CD001785D9 /* PaginationScroll.app */ = {isa = PBXFileReference; explicitFileType = wrapper.application; includeInIndex = 0; path = PaginationScroll.app; sourceTree = BUILT_PRODUCTS_DIR; };
		08B5909B2BA098CD001785D9 /* PaginationScrollApp.swift */ = {isa = PBXFileReference; lastKnownFileType = sourcecode.swift; path = PaginationScrollApp.swift; sourceTree = "<group>"; };
		08B5909D2BA098CD001785D9 /* ContentView.swift */ = {isa = PBXFileReference; lastKnownFileType = sourcecode.swift; path = ContentView.swift; sourceTree = "<group>"; };
		08B5909F2BA098CE001785D9 /* Assets.xcassets */ = {isa = PBXFileReference; lastKnownFileType = folder.assetcatalog; path = Assets.xcassets; sourceTree = "<group>"; };
		08B590A22BA098CE001785D9 /* Preview Assets.xcassets */ = {isa = PBXFileReference; lastKnownFileType = folder.assetcatalog; path = "Preview Assets.xcassets"; sourceTree = "<group>"; };
		08B590A82BA098CE001785D9 /* PaginationScrollTests.xctest */ = {isa = PBXFileReference; explicitFileType = wrapper.cfbundle; includeInIndex = 0; path = PaginationScrollTests.xctest; sourceTree = BUILT_PRODUCTS_DIR; };
		08B590AC2BA098CE001785D9 /* PaginationScrollTests.swift */ = {isa = PBXFileReference; lastKnownFileType = sourcecode.swift; path = PaginationScrollTests.swift; sourceTree = "<group>"; };
		08B590B22BA098CE001785D9 /* PaginationScrollUITests.xctest */ = {isa = PBXFileReference; explicitFileType = wrapper.cfbundle; includeInIndex = 0; path = PaginationScrollUITests.xctest; sourceTree = BUILT_PRODUCTS_DIR; };
		08B590B62BA098CE001785D9 /* PaginationScrollUITests.swift */ = {isa = PBXFileReference; lastKnownFileType = sourcecode.swift; path = PaginationScrollUITests.swift; sourceTree = "<group>"; };
		08B590B82BA098CE001785D9 /* PaginationScrollUITestsLaunchTests.swift */ = {isa = PBXFileReference; lastKnownFileType = sourcecode.swift; path = PaginationScrollUITestsLaunchTests.swift; sourceTree = "<group>"; };
/* End PBXFileReference section */

/* Begin PBXFrameworksBuildPhase section */
		08B590952BA098CD001785D9 /* Frameworks */ = {
			isa = PBXFrameworksBuildPhase;
			buildActionMask = 2147483647;
			files = (
			);
			runOnlyForDeploymentPostprocessing = 0;
		};
		08B590A52BA098CE001785D9 /* Frameworks */ = {
			isa = PBXFrameworksBuildPhase;
			buildActionMask = 2147483647;
			files = (
			);
			runOnlyForDeploymentPostprocessing = 0;
		};
		08B590AF2BA098CE001785D9 /* Frameworks */ = {
			isa = PBXFrameworksBuildPhase;
			buildActionMask = 2147483647;
			files = (
			);
			runOnlyForDeploymentPostprocessing = 0;
		};
/* End PBXFrameworksBuildPhase section */

/* Begin PBXGroup section */
		08B5908F2BA098CD001785D9 = {
			isa = PBXGroup;
			children = (
				08B5909A2BA098CD001785D9 /* PaginationScroll */,
				08B590AB2BA098CE001785D9 /* PaginationScrollTests */,
				08B590B52BA098CE001785D9 /* PaginationScrollUITests */,
				08B590992BA098CD001785D9 /* Products */,
			);
			sourceTree = "<group>";
		};
		08B590992BA098CD001785D9 /* Products */ = {
			isa = PBXGroup;
			children = (
				08B590982BA098CD001785D9 /* PaginationScroll.app */,
				08B590A82BA098CE001785D9 /* PaginationScrollTests.xctest */,
				08B590B22BA098CE001785D9 /* PaginationScrollUITests.xctest */,
			);
			name = Products;
			sourceTree = "<group>";
		};
		08B5909A2BA098CD001785D9 /* PaginationScroll */ = {
			isa = PBXGroup;
			children = (
				08B5909B2BA098CD001785D9 /* PaginationScrollApp.swift */,
				08B5909D2BA098CD001785D9 /* ContentView.swift */,
				08B5909F2BA098CE001785D9 /* Assets.xcassets */,
				08B590A12BA098CE001785D9 /* Preview Content */,
			);
			path = PaginationScroll;
			sourceTree = "<group>";
		};
		08B590A12BA098CE001785D9 /* Preview Content */ = {
			isa = PBXGroup;
			children = (
				08B590A22BA098CE001785D9 /* Preview Assets.xcassets */,
			);
			path = "Preview Content";
			sourceTree = "<group>";
		};
		08B590AB2BA098CE001785D9 /* PaginationScrollTests */ = {
			isa = PBXGroup;
			children = (
				08B590AC2BA098CE001785D9 /* PaginationScrollTests.swift */,
			);
			path = PaginationScrollTests;
			sourceTree = "<group>";
		};
		08B590B52BA098CE001785D9 /* PaginationScrollUITests */ = {
			isa = PBXGroup;
			children = (
				08B590B62BA098CE001785D9 /* PaginationScrollUITests.swift */,
				08B590B82BA098CE001785D9 /* PaginationScrollUITestsLaunchTests.swift */,
			);
			path = PaginationScrollUITests;
			sourceTree = "<group>";
		};
/* End PBXGroup section */

/* Begin PBXNativeTarget section */
		08B590972BA098CD001785D9 /* PaginationScroll */ = {
			isa = PBXNativeTarget;
			buildConfigurationList = 08B590BC2BA098CE001785D9 /* Build configuration list for PBXNativeTarget "PaginationScroll" */;
			buildPhases = (
				08B590942BA098CD001785D9 /* Sources */,
				08B590952BA098CD001785D9 /* Frameworks */,
				08B590962BA098CD001785D9 /* Resources */,
			);
			buildRules = (
			);
			dependencies = (
			);
			name = PaginationScroll;
			productName = PaginationScroll;
			productReference = 08B590982BA098CD001785D9 /* PaginationScroll.app */;
			productType = "com.apple.product-type.application";
		};
		08B590A72BA098CE001785D9 /* PaginationScrollTests */ = {
			isa = PBXNativeTarget;
			buildConfigurationList = 08B590BF2BA098CE001785D9 /* Build configuration list for PBXNativeTarget "PaginationScrollTests" */;
			buildPhases = (
				08B590A42BA098CE001785D9 /* Sources */,
				08B590A52BA098CE001785D9 /* Frameworks */,
				08B590A62BA098CE001785D9 /* Resources */,
			);
			buildRules = (
			);
			dependencies = (
				08B590AA2BA098CE001785D9 /* PBXTargetDependency */,
			);
			name = PaginationScrollTests;
			productName = PaginationScrollTests;
			productReference = 08B590A82BA098CE001785D9 /* PaginationScrollTests.xctest */;
			productType = "com.apple.product-type.bundle.unit-test";
		};
		08B590B12BA098CE001785D9 /* PaginationScrollUITests */ = {
			isa = PBXNativeTarget;
			buildConfigurationList = 08B590C22BA098CE001785D9 /* Build configuration list for PBXNativeTarget "PaginationScrollUITests" */;
			buildPhases = (
				08B590AE2BA098CE001785D9 /* Sources */,
				08B590AF2BA098CE001785D9 /* Frameworks */,
				08B590B02BA098CE001785D9 /* Resources */,
			);
			buildRules = (
			);
			dependencies = (
				08B590B42BA098CE001785D9 /* PBXTargetDependency */,
			);
			name = PaginationScrollUITests;
			productName = PaginationScrollUITests;
			productReference = 08B590B22BA098CE001785D9 /* PaginationScrollUITests.xctest */;
			productType = "com.apple.product-type.bundle.ui-testing";
		};
/* End PBXNativeTarget section */

/* Begin PBXProject section */
		08B590902BA098CD001785D9 /* Project object */ = {
			isa = PBXProject;
			attributes = {
				BuildIndependentTargetsInParallel = 1;
				LastSwiftUpdateCheck = 1520;
				LastUpgradeCheck = 1520;
				TargetAttributes = {
					08B590972BA098CD001785D9 = {
						CreatedOnToolsVersion = 15.2;
					};
					08B590A72BA098CE001785D9 = {
						CreatedOnToolsVersion = 15.2;
						TestTargetID = 08B590972BA098CD001785D9;
					};
					08B590B12BA098CE001785D9 = {
						CreatedOnToolsVersion = 15.2;
						TestTargetID = 08B590972BA098CD001785D9;
					};
				};
			};
			buildConfigurationList = 08B590932BA098CD001785D9 /* Build configuration list for PBXProject "PaginationScroll" */;
			compatibilityVersion = "Xcode 14.0";
			developmentRegion = en;
			hasScannedForEncodings = 0;
			knownRegions = (
				en,
				Base,
			);
			mainGroup = 08B5908F2BA098CD001785D9;
			productRefGroup = 08B590992BA098CD001785D9 /* Products */;
			projectDirPath = "";
			projectRoot = "";
			targets = (
				08B590972BA098CD001785D9 /* PaginationScroll */,
				08B590A72BA098CE001785D9 /* PaginationScrollTests */,
				08B590B12BA098CE001785D9 /* PaginationScrollUITests */,
			);
		};
/* End PBXProject section */

/* Begin PBXResourcesBuildPhase section */
		08B590962BA098CD001785D9 /* Resources */ = {
			isa = PBXResourcesBuildPhase;
			buildActionMask = 2147483647;
			files = (
				08B590A32BA098CE001785D9 /* Preview Assets.xcassets in Resources */,
				08B590A02BA098CE001785D9 /* Assets.xcassets in Resources */,
			);
			runOnlyForDeploymentPostprocessing = 0;
		};
		08B590A62BA098CE001785D9 /* Resources */ = {
			isa = PBXResourcesBuildPhase;
			buildActionMask = 2147483647;
			files = (
			);
			runOnlyForDeploymentPostprocessing = 0;
		};
		08B590B02BA098CE001785D9 /* Resources */ = {
			isa = PBXResourcesBuildPhase;
			buildActionMask = 2147483647;
			files = (
			);
			runOnlyForDeploymentPostprocessing = 0;
		};
/* End PBXResourcesBuildPhase section */

/* Begin PBXSourcesBuildPhase section */
		08B590942BA098CD001785D9 /* Sources */ = {
			isa = PBXSourcesBuildPhase;
			buildActionMask = 2147483647;
			files = (
				08B5909E2BA098CD001785D9 /* ContentView.swift in Sources */,
				08B5909C2BA098CD001785D9 /* PaginationScrollApp.swift in Sources */,
			);
			runOnlyForDeploymentPostprocessing = 0;
		};
		08B590A42BA098CE001785D9 /* Sources */ = {
			isa = PBXSourcesBuildPhase;
			buildActionMask = 2147483647;
			files = (
				08B590AD2BA098CE001785D9 /* PaginationScrollTests.swift in Sources */,
			);
			runOnlyForDeploymentPostprocessing = 0;
		};
		08B590AE2BA098CE001785D9 /* Sources */ = {
			isa = PBXSourcesBuildPhase;
			buildActionMask = 2147483647;
			files = (
				08B590B72BA098CE001785D9 /* PaginationScrollUITests.swift in Sources */,
				08B590B92BA098CE001785D9 /* PaginationScrollUITestsLaunchTests.swift in Sources */,
			);
			runOnlyForDeploymentPostprocessing = 0;
		};
/* End PBXSourcesBuildPhase section */

/* Begin PBXTargetDependency section */
		08B590AA2BA098CE001785D9 /* PBXTargetDependency */ = {
			isa = PBXTargetDependency;
			target = 08B590972BA098CD001785D9 /* PaginationScroll */;
			targetProxy = 08B590A92BA098CE001785D9 /* PBXContainerItemProxy */;
		};
		08B590B42BA098CE001785D9 /* PBXTargetDependency */ = {
			isa = PBXTargetDependency;
			target = 08B590972BA098CD001785D9 /* PaginationScroll */;
			targetProxy = 08B590B32BA098CE001785D9 /* PBXContainerItemProxy */;
		};
/* End PBXTargetDependency section */

/* Begin XCBuildConfiguration section */
		08B590BA2BA098CE001785D9 /* Debug */ = {
			isa = XCBuildConfiguration;
			buildSettings = {
				ALWAYS_SEARCH_USER_PATHS = NO;
				ASSETCATALOG_COMPILER_GENERATE_SWIFT_ASSET_SYMBOL_EXTENSIONS = YES;
				CLANG_ANALYZER_NONNULL = YES;
				CLANG_ANALYZER_NUMBER_OBJECT_CONVERSION = YES_AGGRESSIVE;
				CLANG_CXX_LANGUAGE_STANDARD = "gnu++20";
				CLANG_ENABLE_MODULES = YES;
				CLANG_ENABLE_OBJC_ARC = YES;
				CLANG_ENABLE_OBJC_WEAK = YES;
				CLANG_WARN_BLOCK_CAPTURE_AUTORELEASING = YES;
				CLANG_WARN_BOOL_CONVERSION = YES;
				CLANG_WARN_COMMA = YES;
				CLANG_WARN_CONSTANT_CONVERSION = YES;
				CLANG_WARN_DEPRECATED_OBJC_IMPLEMENTATIONS = YES;
				CLANG_WARN_DIRECT_OBJC_ISA_USAGE = YES_ERROR;
				CLANG_WARN_DOCUMENTATION_COMMENTS = YES;
				CLANG_WARN_EMPTY_BODY = YES;
				CLANG_WARN_ENUM_CONVERSION = YES;
				CLANG_WARN_INFINITE_RECURSION = YES;
				CLANG_WARN_INT_CONVERSION = YES;
				CLANG_WARN_NON_LITERAL_NULL_CONVERSION = YES;
				CLANG_WARN_OBJC_IMPLICIT_RETAIN_SELF = YES;
				CLANG_WARN_OBJC_LITERAL_CONVERSION = YES;
				CLANG_WARN_OBJC_ROOT_CLASS = YES_ERROR;
				CLANG_WARN_QUOTED_INCLUDE_IN_FRAMEWORK_HEADER = YES;
				CLANG_WARN_RANGE_LOOP_ANALYSIS = YES;
				CLANG_WARN_STRICT_PROTOTYPES = YES;
				CLANG_WARN_SUSPICIOUS_MOVE = YES;
				CLANG_WARN_UNGUARDED_AVAILABILITY = YES_AGGRESSIVE;
				CLANG_WARN_UNREACHABLE_CODE = YES;
				CLANG_WARN__DUPLICATE_METHOD_MATCH = YES;
				COPY_PHASE_STRIP = NO;
				DEBUG_INFORMATION_FORMAT = dwarf;
				ENABLE_STRICT_OBJC_MSGSEND = YES;
				ENABLE_TESTABILITY = YES;
				ENABLE_USER_SCRIPT_SANDBOXING = YES;
				GCC_C_LANGUAGE_STANDARD = gnu17;
				GCC_DYNAMIC_NO_PIC = NO;
				GCC_NO_COMMON_BLOCKS = YES;
				GCC_OPTIMIZATION_LEVEL = 0;
				GCC_PREPROCESSOR_DEFINITIONS = (
					"DEBUG=1",
					"$(inherited)",
				);
				GCC_WARN_64_TO_32_BIT_CONVERSION = YES;
				GCC_WARN_ABOUT_RETURN_TYPE = YES_ERROR;
				GCC_WARN_UNDECLARED_SELECTOR = YES;
				GCC_WARN_UNINITIALIZED_AUTOS = YES_AGGRESSIVE;
				GCC_WARN_UNUSED_FUNCTION = YES;
				GCC_WARN_UNUSED_VARIABLE = YES;
				IPHONEOS_DEPLOYMENT_TARGET = 17.2;
				LOCALIZATION_PREFERS_STRING_CATALOGS = YES;
				MTL_ENABLE_DEBUG_INFO = INCLUDE_SOURCE;
				MTL_FAST_MATH = YES;
				ONLY_ACTIVE_ARCH = YES;
				SDKROOT = iphoneos;
				SWIFT_ACTIVE_COMPILATION_CONDITIONS = "DEBUG $(inherited)";
				SWIFT_OPTIMIZATION_LEVEL = "-Onone";
			};
			name = Debug;
		};
		08B590BB2BA098CE001785D9 /* Release */ = {
			isa = XCBuildConfiguration;
			buildSettings = {
				ALWAYS_SEARCH_USER_PATHS = NO;
				ASSETCATALOG_COMPILER_GENERATE_SWIFT_ASSET_SYMBOL_EXTENSIONS = YES;
				CLANG_ANALYZER_NONNULL = YES;
				CLANG_ANALYZER_NUMBER_OBJECT_CONVERSION = YES_AGGRESSIVE;
				CLANG_CXX_LANGUAGE_STANDARD = "gnu++20";
				CLANG_ENABLE_MODULES = YES;
				CLANG_ENABLE_OBJC_ARC = YES;
				CLANG_ENABLE_OBJC_WEAK = YES;
				CLANG_WARN_BLOCK_CAPTURE_AUTORELEASING = YES;
				CLANG_WARN_BOOL_CONVERSION = YES;
				CLANG_WARN_COMMA = YES;
				CLANG_WARN_CONSTANT_CONVERSION = YES;
				CLANG_WARN_DEPRECATED_OBJC_IMPLEMENTATIONS = YES;
				CLANG_WARN_DIRECT_OBJC_ISA_USAGE = YES_ERROR;
				CLANG_WARN_DOCUMENTATION_COMMENTS = YES;
				CLANG_WARN_EMPTY_BODY = YES;
				CLANG_WARN_ENUM_CONVERSION = YES;
				CLANG_WARN_INFINITE_RECURSION = YES;
				CLANG_WARN_INT_CONVERSION = YES;
				CLANG_WARN_NON_LITERAL_NULL_CONVERSION = YES;
				CLANG_WARN_OBJC_IMPLICIT_RETAIN_SELF = YES;
				CLANG_WARN_OBJC_LITERAL_CONVERSION = YES;
				CLANG_WARN_OBJC_ROOT_CLASS = YES_ERROR;
				CLANG_WARN_QUOTED_INCLUDE_IN_FRAMEWORK_HEADER = YES;
				CLANG_WARN_RANGE_LOOP_ANALYSIS = YES;
				CLANG_WARN_STRICT_PROTOTYPES = YES;
				CLANG_WARN_SUSPICIOUS_MOVE = YES;
				CLANG_WARN_UNGUARDED_AVAILABILITY = YES_AGGRESSIVE;
				CLANG_WARN_UNREACHABLE_CODE = YES;
				CLANG_WARN__DUPLICATE_METHOD_MATCH = YES;
				COPY_PHASE_STRIP = NO;
				DEBUG_INFORMATION_FORMAT = "dwarf-with-dsym";
				ENABLE_NS_ASSERTIONS = NO;
				ENABLE_STRICT_OBJC_MSGSEND = YES;
				ENABLE_USER_SCRIPT_SANDBOXING = YES;
				GCC_C_LANGUAGE_STANDARD = gnu17;
				GCC_NO_COMMON_BLOCKS = YES;
				GCC_WARN_64_TO_32_BIT_CONVERSION = YES;
				GCC_WARN_ABOUT_RETURN_TYPE = YES_ERROR;
				GCC_WARN_UNDECLARED_SELECTOR = YES;
				GCC_WARN_UNINITIALIZED_AUTOS = YES_AGGRESSIVE;
				GCC_WARN_UNUSED_FUNCTION = YES;
				GCC_WARN_UNUSED_VARIABLE = YES;
				IPHONEOS_DEPLOYMENT_TARGET = 17.2;
				LOCALIZATION_PREFERS_STRING_CATALOGS = YES;
				MTL_ENABLE_DEBUG_INFO = NO;
				MTL_FAST_MATH = YES;
				SDKROOT = iphoneos;
				SWIFT_COMPILATION_MODE = wholemodule;
				VALIDATE_PRODUCT = YES;
			};
			name = Release;
		};
		08B590BD2BA098CE001785D9 /* Debug */ = {
			isa = XCBuildConfiguration;
			buildSettings = {
				ASSETCATALOG_COMPILER_APPICON_NAME = AppIcon;
				ASSETCATALOG_COMPILER_GLOBAL_ACCENT_COLOR_NAME = AccentColor;
				CODE_SIGN_STYLE = Automatic;
				CURRENT_PROJECT_VERSION = 1;
				DEVELOPMENT_ASSET_PATHS = "\"PaginationScroll/Preview Content\"";
				ENABLE_PREVIEWS = YES;
				GENERATE_INFOPLIST_FILE = YES;
				INFOPLIST_KEY_UIApplicationSceneManifest_Generation = YES;
				INFOPLIST_KEY_UIApplicationSupportsIndirectInputEvents = YES;
				INFOPLIST_KEY_UILaunchScreen_Generation = YES;
				INFOPLIST_KEY_UISupportedInterfaceOrientations_iPad = "UIInterfaceOrientationPortrait UIInterfaceOrientationPortraitUpsideDown UIInterfaceOrientationLandscapeLeft UIInterfaceOrientationLandscapeRight";
				INFOPLIST_KEY_UISupportedInterfaceOrientations_iPhone = "UIInterfaceOrientationPortrait UIInterfaceOrientationLandscapeLeft UIInterfaceOrientationLandscapeRight";
				LD_RUNPATH_SEARCH_PATHS = (
					"$(inherited)",
					"@executable_path/Frameworks",
				);
				MARKETING_VERSION = 1.0;
				PRODUCT_BUNDLE_IDENTIFIER = com.PaginationScroll;
				PRODUCT_NAME = "$(TARGET_NAME)";
				SWIFT_EMIT_LOC_STRINGS = YES;
				SWIFT_VERSION = 5.0;
				TARGETED_DEVICE_FAMILY = "1,2";
			};
			name = Debug;
		};
		08B590BE2BA098CE001785D9 /* Release */ = {
			isa = XCBuildConfiguration;
			buildSettings = {
				ASSETCATALOG_COMPILER_APPICON_NAME = AppIcon;
				ASSETCATALOG_COMPILER_GLOBAL_ACCENT_COLOR_NAME = AccentColor;
				CODE_SIGN_STYLE = Automatic;
				CURRENT_PROJECT_VERSION = 1;
				DEVELOPMENT_ASSET_PATHS = "\"PaginationScroll/Preview Content\"";
				ENABLE_PREVIEWS = YES;
				GENERATE_INFOPLIST_FILE = YES;
				INFOPLIST_KEY_UIApplicationSceneManifest_Generation = YES;
				INFOPLIST_KEY_UIApplicationSupportsIndirectInputEvents = YES;
				INFOPLIST_KEY_UILaunchScreen_Generation = YES;
				INFOPLIST_KEY_UISupportedInterfaceOrientations_iPad = "UIInterfaceOrientationPortrait UIInterfaceOrientationPortraitUpsideDown UIInterfaceOrientationLandscapeLeft UIInterfaceOrientationLandscapeRight";
				INFOPLIST_KEY_UISupportedInterfaceOrientations_iPhone = "UIInterfaceOrientationPortrait UIInterfaceOrientationLandscapeLeft UIInterfaceOrientationLandscapeRight";
				LD_RUNPATH_SEARCH_PATHS = (
					"$(inherited)",
					"@executable_path/Frameworks",
				);
				MARKETING_VERSION = 1.0;
				PRODUCT_BUNDLE_IDENTIFIER = com.PaginationScroll;
				PRODUCT_NAME = "$(TARGET_NAME)";
				SWIFT_EMIT_LOC_STRINGS = YES;
				SWIFT_VERSION = 5.0;
				TARGETED_DEVICE_FAMILY = "1,2";
			};
			name = Release;
		};
		08B590C02BA098CE001785D9 /* Debug */ = {
			isa = XCBuildConfiguration;
			buildSettings = {
				ALWAYS_EMBED_SWIFT_STANDARD_LIBRARIES = YES;
				BUNDLE_LOADER = "$(TEST_HOST)";
				CODE_SIGN_STYLE = Automatic;
				CURRENT_PROJECT_VERSION = 1;
				GENERATE_INFOPLIST_FILE = YES;
				IPHONEOS_DEPLOYMENT_TARGET = 17.2;
				MARKETING_VERSION = 1.0;
				PRODUCT_BUNDLE_IDENTIFIER = com.PaginationScrollTests;
				PRODUCT_NAME = "$(TARGET_NAME)";
				SWIFT_EMIT_LOC_STRINGS = NO;
				SWIFT_VERSION = 5.0;
				TARGETED_DEVICE_FAMILY = "1,2";
				TEST_HOST = "$(BUILT_PRODUCTS_DIR)/PaginationScroll.app/$(BUNDLE_EXECUTABLE_FOLDER_PATH)/PaginationScroll";
			};
			name = Debug;
		};
		08B590C12BA098CE001785D9 /* Release */ = {
			isa = XCBuildConfiguration;
			buildSettings = {
				ALWAYS_EMBED_SWIFT_STANDARD_LIBRARIES = YES;
				BUNDLE_LOADER = "$(TEST_HOST)";
				CODE_SIGN_STYLE = Automatic;
				CURRENT_PROJECT_VERSION = 1;
				GENERATE_INFOPLIST_FILE = YES;
				IPHONEOS_DEPLOYMENT_TARGET = 17.2;
				MARKETING_VERSION = 1.0;
				PRODUCT_BUNDLE_IDENTIFIER = com.PaginationScrollTests;
				PRODUCT_NAME = "$(TARGET_NAME)";
				SWIFT_EMIT_LOC_STRINGS = NO;
				SWIFT_VERSION = 5.0;
				TARGETED_DEVICE_FAMILY = "1,2";
				TEST_HOST = "$(BUILT_PRODUCTS_DIR)/PaginationScroll.app/$(BUNDLE_EXECUTABLE_FOLDER_PATH)/PaginationScroll";
			};
			name = Release;
		};
		08B590C32BA098CE001785D9 /* Debug */ = {
			isa = XCBuildConfiguration;
			buildSettings = {
				ALWAYS_EMBED_SWIFT_STANDARD_LIBRARIES = YES;
				CODE_SIGN_STYLE = Automatic;
				CURRENT_PROJECT_VERSION = 1;
				GENERATE_INFOPLIST_FILE = YES;
				MARKETING_VERSION = 1.0;
				PRODUCT_BUNDLE_IDENTIFIER = com.PaginationScrollUITests;
				PRODUCT_NAME = "$(TARGET_NAME)";
				SWIFT_EMIT_LOC_STRINGS = NO;
				SWIFT_VERSION = 5.0;
				TARGETED_DEVICE_FAMILY = "1,2";
				TEST_TARGET_NAME = PaginationScroll;
			};
			name = Debug;
		};
		08B590C42BA098CE001785D9 /* Release */ = {
			isa = XCBuildConfiguration;
			buildSettings = {
				ALWAYS_EMBED_SWIFT_STANDARD_LIBRARIES = YES;
				CODE_SIGN_STYLE = Automatic;
				CURRENT_PROJECT_VERSION = 1;
				GENERATE_INFOPLIST_FILE = YES;
				MARKETING_VERSION = 1.0;
				PRODUCT_BUNDLE_IDENTIFIER = com.PaginationScrollUITests;
				PRODUCT_NAME = "$(TARGET_NAME)";
				SWIFT_EMIT_LOC_STRINGS = NO;
				SWIFT_VERSION = 5.0;
				TARGETED_DEVICE_FAMILY = "1,2";
				TEST_TARGET_NAME = PaginationScroll;
			};
			name = Release;
		};
/* End XCBuildConfiguration section */

/* Begin XCConfigurationList section */
		08B590932BA098CD001785D9 /* Build configuration list for PBXProject "PaginationScroll" */ = {
			isa = XCConfigurationList;
			buildConfigurations = (
				08B590BA2BA098CE001785D9 /* Debug */,
				08B590BB2BA098CE001785D9 /* Release */,
			);
			defaultConfigurationIsVisible = 0;
			defaultConfigurationName = Release;
		};
		08B590BC2BA098CE001785D9 /* Build configuration list for PBXNativeTarget "PaginationScroll" */ = {
			isa = XCConfigurationList;
			buildConfigurations = (
				08B590BD2BA098CE001785D9 /* Debug */,
				08B590BE2BA098CE001785D9 /* Release */,
			);
			defaultConfigurationIsVisible = 0;
			defaultConfigurationName = Release;
		};
		08B590BF2BA098CE001785D9 /* Build configuration list for PBXNativeTarget "PaginationScrollTests" */ = {
			isa = XCConfigurationList;
			buildConfigurations = (
				08B590C02BA098CE001785D9 /* Debug */,
				08B590C12BA098CE001785D9 /* Release */,
			);
			defaultConfigurationIsVisible = 0;
			defaultConfigurationName = Release;
		};
		08B590C22BA098CE001785D9 /* Build configuration list for PBXNativeTarget "PaginationScrollUITests" */ = {
			isa = XCConfigurationList;
			buildConfigurations = (
				08B590C32BA098CE001785D9 /* Debug */,
				08B590C42BA098CE001785D9 /* Release */,
			);
			defaultConfigurationIsVisible = 0;
			defaultConfigurationName = Release;
		};
/* End XCConfigurationList section */
	};
	rootObject = 08B590902BA098CD001785D9 /* Project object */;
}
